
Microsoft Visual Studio Solution File, Format Version 12.00
# Visual Studio 14
VisualStudioVersion = 14.0.25420.1
MinimumVisualStudioVersion = 10.0.40219.1
Project("{2150E333-8FDC-42A3-9474-1A3956D46DE8}") = "src", "src", "{6CA982E6-7F36-4817-A8C2-2F772E9E8416}"
EndProject
Project("{2150E333-8FDC-42A3-9474-1A3956D46DE8}") = "Solution Items", "Solution Items", "{F9EA78AB-F9D1-4359-AACD-EE96DB06208C}"
	ProjectSection(SolutionItems) = preProject
		global.json = global.json
	EndProjectSection
EndProject
Project("{8BB2217D-0F2D-49D1-97BC-3654ED321F3B}") = "FAO.APP.WebSite", "src\FAO.APP.WebSite\FAO.APP.WebSite.xproj", "{002A3E56-8F2C-4282-A3AB-FC48FC592ACB}"
EndProject
Project("{8BB2217D-0F2D-49D1-97BC-3654ED321F3B}") = "FAO.DAL", "src\FAO.DAL\FAO.DAL.xproj", "{5CFB850E-2F94-4504-B82B-286C60BD8EB0}"
EndProject
Project("{8BB2217D-0F2D-49D1-97BC-3654ED321F3B}") = "FAO.Repositories", "src\FAO.Repositories\FAO.Repositories.xproj", "{D8FA7BB7-D51E-4AA2-AF1F-3465DCC50E93}"
EndProject
Project("{8BB2217D-0F2D-49D1-97BC-3654ED321F3B}") = "FAO.Services", "src\FAO.Services\FAO.Services.xproj", "{0EDD0230-EAE4-474F-B931-314F55AEA569}"
EndProject
Project("{8BB2217D-0F2D-49D1-97BC-3654ED321F3B}") = "FAO.DtoMapper", "src\FAO.DtoMapper\FAO.DtoMapper.xproj", "{6F3EA7E2-68E2-448D-B457-3C91978776CB}"
EndProject
Project("{8BB2217D-0F2D-49D1-97BC-3654ED321F3B}") = "FAO.BLL.Calendar", "src\FAO.BLL.Calendar\FAO.BLL.Calendar.xproj", "{C073AB2D-84B1-43FC-9257-74F00B32763D}"
EndProject
Project("{8BB2217D-0F2D-49D1-97BC-3654ED321F3B}") = "FAO.BLL.CalcEngine", "src\FAO.BLL.CalcEngine\FAO.BLL.CalcEngine.xproj", "{C9D1C010-FAAD-4640-A481-7D76FCAE8B63}"
EndProject
Project("{8BB2217D-0F2D-49D1-97BC-3654ED321F3B}") = "FAO.BLL.BusinessTypes", "src\FAO.BLL.BusinessTypes\FAO.BLL.BusinessTypes.xproj", "{DDC97E22-A1A6-4851-9159-84BD3683BC44}"
EndProject
Project("{8BB2217D-0F2D-49D1-97BC-3654ED321F3B}") = "FAO.App.Console", "src\FAO.APP.Console\FAO.App.Console.xproj", "{AA0C5FE6-81EB-44A3-9669-D2C6D2589732}"
EndProject
Project("{8BB2217D-0F2D-49D1-97BC-3654ED321F3B}") = "FAO.BLL.Rulebase", "src\FAO.BLL.Rulebase\FAO.BLL.Rulebase.xproj", "{C01F5054-B594-4873-BF23-5E4A46CD1726}"
EndProject
Project("{8BB2217D-0F2D-49D1-97BC-3654ED321F3B}") = "FAO.BLL.Domain", "src\FAO.BLL.Domain\FAO.BLL.Domain.xproj", "{3BC360FE-AB8E-40E5-817A-AED2EA3229E9}"
EndProject
Global
	GlobalSection(SolutionConfigurationPlatforms) = preSolution
		Debug|Any CPU = Debug|Any CPU
		Release|Any CPU = Release|Any CPU
	EndGlobalSection
	GlobalSection(ProjectConfigurationPlatforms) = postSolution
		{002A3E56-8F2C-4282-A3AB-FC48FC592ACB}.Debug|Any CPU.ActiveCfg = Debug|Any CPU
		{002A3E56-8F2C-4282-A3AB-FC48FC592ACB}.Debug|Any CPU.Build.0 = Debug|Any CPU
		{002A3E56-8F2C-4282-A3AB-FC48FC592ACB}.Release|Any CPU.ActiveCfg = Release|Any CPU
		{002A3E56-8F2C-4282-A3AB-FC48FC592ACB}.Release|Any CPU.Build.0 = Release|Any CPU
		{5CFB850E-2F94-4504-B82B-286C60BD8EB0}.Debug|Any CPU.ActiveCfg = Debug|Any CPU
		{5CFB850E-2F94-4504-B82B-286C60BD8EB0}.Debug|Any CPU.Build.0 = Debug|Any CPU
		{5CFB850E-2F94-4504-B82B-286C60BD8EB0}.Release|Any CPU.ActiveCfg = Release|Any CPU
		{5CFB850E-2F94-4504-B82B-286C60BD8EB0}.Release|Any CPU.Build.0 = Release|Any CPU
		{D8FA7BB7-D51E-4AA2-AF1F-3465DCC50E93}.Debug|Any CPU.ActiveCfg = Debug|Any CPU
		{D8FA7BB7-D51E-4AA2-AF1F-3465DCC50E93}.Debug|Any CPU.Build.0 = Debug|Any CPU
		{D8FA7BB7-D51E-4AA2-AF1F-3465DCC50E93}.Release|Any CPU.ActiveCfg = Release|Any CPU
		{D8FA7BB7-D51E-4AA2-AF1F-3465DCC50E93}.Release|Any CPU.Build.0 = Release|Any CPU
		{0EDD0230-EAE4-474F-B931-314F55AEA569}.Debug|Any CPU.ActiveCfg = Debug|Any CPU
		{0EDD0230-EAE4-474F-B931-314F55AEA569}.Debug|Any CPU.Build.0 = Debug|Any CPU
		{0EDD0230-EAE4-474F-B931-314F55AEA569}.Release|Any CPU.ActiveCfg = Release|Any CPU
		{0EDD0230-EAE4-474F-B931-314F55AEA569}.Release|Any CPU.Build.0 = Release|Any CPU
		{6F3EA7E2-68E2-448D-B457-3C91978776CB}.Debug|Any CPU.ActiveCfg = Debug|Any CPU
		{6F3EA7E2-68E2-448D-B457-3C91978776CB}.Debug|Any CPU.Build.0 = Debug|Any CPU
		{6F3EA7E2-68E2-448D-B457-3C91978776CB}.Release|Any CPU.ActiveCfg = Release|Any CPU
		{6F3EA7E2-68E2-448D-B457-3C91978776CB}.Release|Any CPU.Build.0 = Release|Any CPU
		{C073AB2D-84B1-43FC-9257-74F00B32763D}.Debug|Any CPU.ActiveCfg = Debug|Any CPU
		{C073AB2D-84B1-43FC-9257-74F00B32763D}.Debug|Any CPU.Build.0 = Debug|Any CPU
		{C073AB2D-84B1-43FC-9257-74F00B32763D}.Release|Any CPU.ActiveCfg = Release|Any CPU
		{C073AB2D-84B1-43FC-9257-74F00B32763D}.Release|Any CPU.Build.0 = Release|Any CPU
		{C9D1C010-FAAD-4640-A481-7D76FCAE8B63}.Debug|Any CPU.ActiveCfg = Debug|Any CPU
		{C9D1C010-FAAD-4640-A481-7D76FCAE8B63}.Debug|Any CPU.Build.0 = Debug|Any CPU
		{C9D1C010-FAAD-4640-A481-7D76FCAE8B63}.Release|Any CPU.ActiveCfg = Release|Any CPU
		{C9D1C010-FAAD-4640-A481-7D76FCAE8B63}.Release|Any CPU.Build.0 = Release|Any CPU
		{DDC97E22-A1A6-4851-9159-84BD3683BC44}.Debug|Any CPU.ActiveCfg = Debug|Any CPU
		{DDC97E22-A1A6-4851-9159-84BD3683BC44}.Debug|Any CPU.Build.0 = Debug|Any CPU
		{DDC97E22-A1A6-4851-9159-84BD3683BC44}.Release|Any CPU.ActiveCfg = Release|Any CPU
		{DDC97E22-A1A6-4851-9159-84BD3683BC44}.Release|Any CPU.Build.0 = Release|Any CPU
		{AA0C5FE6-81EB-44A3-9669-D2C6D2589732}.Debug|Any CPU.ActiveCfg = Debug|Any CPU
		{AA0C5FE6-81EB-44A3-9669-D2C6D2589732}.Debug|Any CPU.Build.0 = Debug|Any CPU
		{AA0C5FE6-81EB-44A3-9669-D2C6D2589732}.Release|Any CPU.ActiveCfg = Release|Any CPU
		{AA0C5FE6-81EB-44A3-9669-D2C6D2589732}.Release|Any CPU.Build.0 = Release|Any CPU
		{C01F5054-B594-4873-BF23-5E4A46CD1726}.Debug|Any CPU.ActiveCfg = Debug|Any CPU
		{C01F5054-B594-4873-BF23-5E4A46CD1726}.Debug|Any CPU.Build.0 = Debug|Any CPU
		{C01F5054-B594-4873-BF23-5E4A46CD1726}.Release|Any CPU.ActiveCfg = Release|Any CPU
		{C01F5054-B594-4873-BF23-5E4A46CD1726}.Release|Any CPU.Build.0 = Release|Any CPU
		{3BC360FE-AB8E-40E5-817A-AED2EA3229E9}.Debug|Any CPU.ActiveCfg = Debug|Any CPU
		{3BC360FE-AB8E-40E5-817A-AED2EA3229E9}.Debug|Any CPU.Build.0 = Debug|Any CPU
		{3BC360FE-AB8E-40E5-817A-AED2EA3229E9}.Release|Any CPU.ActiveCfg = Release|Any CPU
		{3BC360FE-AB8E-40E5-817A-AED2EA3229E9}.Release|Any CPU.Build.0 = Release|Any CPU
	EndGlobalSection
	GlobalSection(SolutionProperties) = preSolution
		HideSolutionNode = FALSE
	EndGlobalSection
	GlobalSection(NestedProjects) = preSolution
		{002A3E56-8F2C-4282-A3AB-FC48FC592ACB} = {6CA982E6-7F36-4817-A8C2-2F772E9E8416}
		{5CFB850E-2F94-4504-B82B-286C60BD8EB0} = {6CA982E6-7F36-4817-A8C2-2F772E9E8416}
		{D8FA7BB7-D51E-4AA2-AF1F-3465DCC50E93} = {6CA982E6-7F36-4817-A8C2-2F772E9E8416}
		{0EDD0230-EAE4-474F-B931-314F55AEA569} = {6CA982E6-7F36-4817-A8C2-2F772E9E8416}
		{6F3EA7E2-68E2-448D-B457-3C91978776CB} = {6CA982E6-7F36-4817-A8C2-2F772E9E8416}
		{C073AB2D-84B1-43FC-9257-74F00B32763D} = {6CA982E6-7F36-4817-A8C2-2F772E9E8416}
		{C9D1C010-FAAD-4640-A481-7D76FCAE8B63} = {6CA982E6-7F36-4817-A8C2-2F772E9E8416}
		{DDC97E22-A1A6-4851-9159-84BD3683BC44} = {6CA982E6-7F36-4817-A8C2-2F772E9E8416}
		{AA0C5FE6-81EB-44A3-9669-D2C6D2589732} = {6CA982E6-7F36-4817-A8C2-2F772E9E8416}
		{C01F5054-B594-4873-BF23-5E4A46CD1726} = {6CA982E6-7F36-4817-A8C2-2F772E9E8416}
		{3BC360FE-AB8E-40E5-817A-AED2EA3229E9} = {6CA982E6-7F36-4817-A8C2-2F772E9E8416}
	EndGlobalSection
EndGlobal
